{
  "nodes": {
    "advisory-db": {
      "flake": false,
      "locked": {
        "lastModified": 1678924180,
        "narHash": "sha256-5bwage/7JRiPiDY4wY3+OBiT8abY5f83hss6pQBklz8=",
        "owner": "rustsec",
        "repo": "advisory-db",
        "rev": "0888b44843e3c86db9fd56334c7f5261ea00dc19",
        "type": "github"
      },
      "original": {
        "owner": "rustsec",
        "repo": "advisory-db",
        "type": "github"
      }
    },
    "allas-cli-utils-src": {
      "flake": false,
      "locked": {
        "lastModified": 1679657635,
        "narHash": "sha256-8q3CQw2+nfvBUnJ1rmKE1i9XXcLMNqQDH9jkWq/8qF0=",
        "owner": "CSCfi",
        "repo": "allas-cli-utils",
        "rev": "db752b5536cf7664add0fd02baec41d4874d72e4",
        "type": "github"
      },
      "original": {
        "owner": "CSCfi",
        "repo": "allas-cli-utils",
        "type": "github"
      }
    },
    "chatgpt-nvim-src": {
      "flake": false,
      "locked": {
        "lastModified": 1671401075,
        "narHash": "sha256-AKsNUP1mm/Zu/SZ8sVOgLMdjX5bbCcl6g03L2kYsBCw=",
        "owner": "nialov",
        "repo": "ChatGPT.nvim",
        "rev": "8ef0ef55ebf9f6a6eafa1fbb512aaa944ea5f9f5",
        "type": "github"
      },
      "original": {
        "owner": "nialov",
        "repo": "ChatGPT.nvim",
        "type": "github"
      }
    },
    "cmp-ai-src": {
      "flake": false,
      "locked": {
        "lastModified": 1683656115,
        "narHash": "sha256-g7w48dItsPMfJuvFUaa2/jjss9GDhNSa/dZr4+Mz4qA=",
        "owner": "tzachar",
        "repo": "cmp-ai",
        "rev": "60d3bb826cf82e2dc5bf5a9bb1b9ae906e8b7847",
        "type": "github"
      },
      "original": {
        "owner": "tzachar",
        "repo": "cmp-ai",
        "type": "github"
      }
    },
    "cmp-tmux": {
      "flake": false,
      "locked": {
        "lastModified": 1665005258,
        "narHash": "sha256-2Tu85tZxjgo8WQVKlzanRbBxdt77NOPiWgpm9RLPwLs=",
        "owner": "andersevenrud",
        "repo": "cmp-tmux",
        "rev": "984772716f66d8ee88535a6bf3f94c4b4e1301f5",
        "type": "github"
      },
      "original": {
        "owner": "andersevenrud",
        "repo": "cmp-tmux",
        "type": "github"
      }
    },
    "comma-update-flag": {
      "inputs": {
        "flake-compat": "flake-compat",
        "naersk": "naersk",
        "nixpkgs": [
          "nixpkgs"
        ],
        "utils": "utils"
      },
      "locked": {
        "lastModified": 1657647985,
        "narHash": "sha256-Sf/dl3AqHCy8ZrFH2gNfOiE4GeutY6NviCyZwnGL9uM=",
        "owner": "patricksjackson",
        "repo": "comma",
        "rev": "3c768851e7fde5145f88b538a9f8139124db5d87",
        "type": "github"
      },
      "original": {
        "owner": "patricksjackson",
        "ref": "update-flag",
        "repo": "comma",
        "type": "github"
      }
    },
    "copier-src": {
      "inputs": {
        "copier-src": "copier-src_2",
        "flake-utils": "flake-utils_3",
        "nixpkgs": "nixpkgs_2",
        "nixpkgs-copier": "nixpkgs-copier",
        "poetry2nix-copier": "poetry2nix-copier"
      },
      "locked": {
        "lastModified": 1681469477,
        "narHash": "sha256-/NxpMQz0z42JO5TEeaaE8NTIOWkzt9lmYheUoLvVmRU=",
        "owner": "nialov",
        "repo": "nialov-py-template",
        "rev": "2073f6e5fbef9911c522d221fb3ab96a1852c91f",
        "type": "github"
      },
      "original": {
        "owner": "nialov",
        "repo": "nialov-py-template",
        "type": "github"
      }
    },
    "copier-src_2": {
      "inputs": {
        "devshell": "devshell",
        "flake-compat": "flake-compat_2",
        "flake-utils": "flake-utils_2",
        "nixpkgs": [
          "copier-src",
          "nixpkgs-copier"
        ],
        "poetry2nix": [
          "copier-src",
          "poetry2nix-copier"
        ]
      },
      "locked": {
        "lastModified": 1667926503,
        "narHash": "sha256-/DSppOG78Irr8s4OiRTyEccTUS7lWzs8RjG5qr+SQhU=",
        "owner": "copier-org",
        "repo": "copier",
        "rev": "51a5bd9878ad036c69ef7e4ae8b0f313bdf180ec",
        "type": "github"
      },
      "original": {
        "owner": "copier-org",
        "repo": "copier",
        "rev": "51a5bd9878ad036c69ef7e4ae8b0f313bdf180ec",
        "type": "github"
      }
    },
    "copier-src_3": {
      "inputs": {
        "devshell": "devshell_2",
        "flake-compat": "flake-compat_4",
        "flake-utils": "flake-utils_6",
        "nixpkgs": [
          "doit-ext-src",
          "nixpkgs-copier"
        ],
        "poetry2nix": [
          "doit-ext-src",
          "poetry2nix-copier"
        ]
      },
      "locked": {
        "lastModified": 1667926503,
        "narHash": "sha256-/DSppOG78Irr8s4OiRTyEccTUS7lWzs8RjG5qr+SQhU=",
        "owner": "copier-org",
        "repo": "copier",
        "rev": "51a5bd9878ad036c69ef7e4ae8b0f313bdf180ec",
        "type": "github"
      },
      "original": {
        "owner": "copier-org",
        "repo": "copier",
        "rev": "51a5bd9878ad036c69ef7e4ae8b0f313bdf180ec",
        "type": "github"
      }
    },
    "crane": {
      "inputs": {
        "flake-compat": "flake-compat_5",
        "flake-utils": "flake-utils_10",
        "nixpkgs": [
          "nickel-src",
          "nixpkgs"
        ],
        "rust-overlay": "rust-overlay"
      },
      "locked": {
        "lastModified": 1678152261,
        "narHash": "sha256-cPRDxwygVMleiSEGELrvAiq9vYAN4c3KK/K4UEO13vU=",
        "owner": "ipetkov",
        "repo": "crane",
        "rev": "5291dd0aa7a52d607fc952763ef60714e4c881d4",
        "type": "github"
      },
      "original": {
        "owner": "ipetkov",
        "repo": "crane",
        "type": "github"
      }
    },
    "crane_2": {
      "inputs": {
        "flake-compat": "flake-compat_7",
        "flake-utils": "flake-utils_12",
        "nixpkgs": [
          "nickel-src",
          "topiary",
          "nixpkgs"
        ],
        "rust-overlay": "rust-overlay_3"
      },
      "locked": {
        "lastModified": 1678152261,
        "narHash": "sha256-cPRDxwygVMleiSEGELrvAiq9vYAN4c3KK/K4UEO13vU=",
        "owner": "ipetkov",
        "repo": "crane",
        "rev": "5291dd0aa7a52d607fc952763ef60714e4c881d4",
        "type": "github"
      },
      "original": {
        "owner": "ipetkov",
        "repo": "crane",
        "type": "github"
      }
    },
    "deploy-rs-input": {
      "inputs": {
        "flake-compat": "flake-compat_3",
        "nixpkgs": "nixpkgs_4",
        "utils": "utils_2"
      },
      "locked": {
        "lastModified": 1683515103,
        "narHash": "sha256-vWlnZ0twW+ekOC6JuAHDfupv+u4QNvWawG7+DaQJ4VA=",
        "owner": "serokell",
        "repo": "deploy-rs",
        "rev": "64160276cd6569694131ed8864d4d35470a84ec3",
        "type": "github"
      },
      "original": {
        "owner": "serokell",
        "repo": "deploy-rs",
        "type": "github"
      }
    },
    "devshell": {
      "inputs": {
        "flake-utils": "flake-utils",
        "nixpkgs": "nixpkgs"
      },
      "locked": {
        "lastModified": 1667210711,
        "narHash": "sha256-IoErjXZAkzYWHEpQqwu/DeRNJGFdR7X2OGbkhMqMrpw=",
        "owner": "numtide",
        "repo": "devshell",
        "rev": "96a9dd12b8a447840cc246e17a47b81a4268bba7",
        "type": "github"
      },
      "original": {
        "owner": "numtide",
        "repo": "devshell",
        "type": "github"
      }
    },
    "devshell_2": {
      "inputs": {
        "flake-utils": "flake-utils_5",
        "nixpkgs": "nixpkgs_5"
      },
      "locked": {
        "lastModified": 1667210711,
        "narHash": "sha256-IoErjXZAkzYWHEpQqwu/DeRNJGFdR7X2OGbkhMqMrpw=",
        "owner": "numtide",
        "repo": "devshell",
        "rev": "96a9dd12b8a447840cc246e17a47b81a4268bba7",
        "type": "github"
      },
      "original": {
        "owner": "numtide",
        "repo": "devshell",
        "type": "github"
      }
    },
    "doit-ext-src": {
      "inputs": {
        "copier-src": "copier-src_3",
        "flake-utils": "flake-utils_7",
        "nixpkgs": "nixpkgs_6",
        "nixpkgs-copier": "nixpkgs-copier_2",
        "poetry2nix-copier": "poetry2nix-copier_2"
      },
      "locked": {
        "lastModified": 1678977091,
        "narHash": "sha256-rRslSt8wnMosdJf40W7nJkGnj+scdsAEeX7PKgsx7vo=",
        "owner": "nialov",
        "repo": "doit-ext",
        "rev": "8610d76e0b0a31c67a0cea9dd1c319404ab3373e",
        "type": "github"
      },
      "original": {
        "owner": "nialov",
        "repo": "doit-ext",
        "type": "github"
      }
    },
    "flake-compat": {
      "flake": false,
      "locked": {
        "lastModified": 1650374568,
        "narHash": "sha256-Z+s0J8/r907g149rllvwhb4pKi8Wam5ij0st8PwAh+E=",
        "owner": "edolstra",
        "repo": "flake-compat",
        "rev": "b4a34015c698c7793d592d66adbab377907a2be8",
        "type": "github"
      },
      "original": {
        "owner": "edolstra",
        "repo": "flake-compat",
        "type": "github"
      }
    },
    "flake-compat_2": {
      "flake": false,
      "locked": {
        "lastModified": 1650374568,
        "narHash": "sha256-Z+s0J8/r907g149rllvwhb4pKi8Wam5ij0st8PwAh+E=",
        "owner": "edolstra",
        "repo": "flake-compat",
        "rev": "b4a34015c698c7793d592d66adbab377907a2be8",
        "type": "github"
      },
      "original": {
        "owner": "edolstra",
        "repo": "flake-compat",
        "type": "github"
      }
    },
    "flake-compat_3": {
      "flake": false,
      "locked": {
        "lastModified": 1668681692,
        "narHash": "sha256-Ht91NGdewz8IQLtWZ9LCeNXMSXHUss+9COoqu6JLmXU=",
        "owner": "edolstra",
        "repo": "flake-compat",
        "rev": "009399224d5e398d03b22badca40a37ac85412a1",
        "type": "github"
      },
      "original": {
        "owner": "edolstra",
        "repo": "flake-compat",
        "type": "github"
      }
    },
    "flake-compat_4": {
      "flake": false,
      "locked": {
        "lastModified": 1650374568,
        "narHash": "sha256-Z+s0J8/r907g149rllvwhb4pKi8Wam5ij0st8PwAh+E=",
        "owner": "edolstra",
        "repo": "flake-compat",
        "rev": "b4a34015c698c7793d592d66adbab377907a2be8",
        "type": "github"
      },
      "original": {
        "owner": "edolstra",
        "repo": "flake-compat",
        "type": "github"
      }
    },
    "flake-compat_5": {
      "flake": false,
      "locked": {
        "lastModified": 1673956053,
        "narHash": "sha256-4gtG9iQuiKITOjNQQeQIpoIB6b16fm+504Ch3sNKLd8=",
        "owner": "edolstra",
        "repo": "flake-compat",
        "rev": "35bb57c0c8d8b62bbfd284272c928ceb64ddbde9",
        "type": "github"
      },
      "original": {
        "owner": "edolstra",
        "repo": "flake-compat",
        "type": "github"
      }
    },
    "flake-compat_6": {
      "flake": false,
      "locked": {
        "lastModified": 1673956053,
        "narHash": "sha256-4gtG9iQuiKITOjNQQeQIpoIB6b16fm+504Ch3sNKLd8=",
        "owner": "edolstra",
        "repo": "flake-compat",
        "rev": "35bb57c0c8d8b62bbfd284272c928ceb64ddbde9",
        "type": "github"
      },
      "original": {
        "owner": "edolstra",
        "repo": "flake-compat",
        "type": "github"
      }
    },
    "flake-compat_7": {
      "flake": false,
      "locked": {
        "lastModified": 1673956053,
        "narHash": "sha256-4gtG9iQuiKITOjNQQeQIpoIB6b16fm+504Ch3sNKLd8=",
        "owner": "edolstra",
        "repo": "flake-compat",
        "rev": "35bb57c0c8d8b62bbfd284272c928ceb64ddbde9",
        "type": "github"
      },
      "original": {
        "owner": "edolstra",
        "repo": "flake-compat",
        "type": "github"
      }
    },
    "flake-compat_8": {
      "flake": false,
      "locked": {
        "lastModified": 1673956053,
        "narHash": "sha256-4gtG9iQuiKITOjNQQeQIpoIB6b16fm+504Ch3sNKLd8=",
        "owner": "edolstra",
        "repo": "flake-compat",
        "rev": "35bb57c0c8d8b62bbfd284272c928ceb64ddbde9",
        "type": "github"
      },
      "original": {
        "owner": "edolstra",
        "repo": "flake-compat",
        "type": "github"
      }
    },
    "flake-utils": {
      "locked": {
        "lastModified": 1642700792,
        "narHash": "sha256-XqHrk7hFb+zBvRg6Ghl+AZDq03ov6OshJLiSWOoX5es=",
        "owner": "numtide",
        "repo": "flake-utils",
        "rev": "846b2ae0fc4cc943637d3d1def4454213e203cba",
        "type": "github"
      },
      "original": {
        "owner": "numtide",
        "repo": "flake-utils",
        "type": "github"
      }
    },
    "flake-utils_10": {
      "locked": {
        "lastModified": 1676283394,
        "narHash": "sha256-XX2f9c3iySLCw54rJ/CZs+ZK6IQy7GXNY4nSOyu2QG4=",
        "owner": "numtide",
        "repo": "flake-utils",
        "rev": "3db36a8b464d0c4532ba1c7dda728f4576d6d073",
        "type": "github"
      },
      "original": {
        "owner": "numtide",
        "repo": "flake-utils",
        "type": "github"
      }
    },
    "flake-utils_11": {
      "locked": {
        "lastModified": 1678901627,
        "narHash": "sha256-U02riOqrKKzwjsxc/400XnElV+UtPUQWpANPlyazjH0=",
        "owner": "numtide",
        "repo": "flake-utils",
        "rev": "93a2b84fc4b70d9e089d029deacc3583435c2ed6",
        "type": "github"
      },
      "original": {
        "owner": "numtide",
        "repo": "flake-utils",
        "type": "github"
      }
    },
    "flake-utils_12": {
      "locked": {
        "lastModified": 1676283394,
        "narHash": "sha256-XX2f9c3iySLCw54rJ/CZs+ZK6IQy7GXNY4nSOyu2QG4=",
        "owner": "numtide",
        "repo": "flake-utils",
        "rev": "3db36a8b464d0c4532ba1c7dda728f4576d6d073",
        "type": "github"
      },
      "original": {
        "owner": "numtide",
        "repo": "flake-utils",
        "type": "github"
      }
    },
    "flake-utils_13": {
      "locked": {
        "lastModified": 1678901627,
        "narHash": "sha256-U02riOqrKKzwjsxc/400XnElV+UtPUQWpANPlyazjH0=",
        "owner": "numtide",
        "repo": "flake-utils",
        "rev": "93a2b84fc4b70d9e089d029deacc3583435c2ed6",
        "type": "github"
      },
      "original": {
        "owner": "numtide",
        "repo": "flake-utils",
        "type": "github"
      }
    },
    "flake-utils_14": {
      "locked": {
        "lastModified": 1659877975,
        "narHash": "sha256-zllb8aq3YO3h8B/U0/J1WBgAL8EX5yWf5pMj3G0NAmc=",
        "owner": "numtide",
        "repo": "flake-utils",
        "rev": "c0e246b9b83f637f4681389ecabcb2681b4f3af0",
        "type": "github"
      },
      "original": {
        "owner": "numtide",
        "repo": "flake-utils",
        "type": "github"
      }
    },
    "flake-utils_15": {
      "locked": {
        "lastModified": 1667395993,
        "narHash": "sha256-nuEHfE/LcWyuSWnS8t12N1wc105Qtau+/OdUAjtQ0rA=",
        "owner": "numtide",
        "repo": "flake-utils",
        "rev": "5aed5285a952e0b949eb3ba02c12fa4fcfef535f",
        "type": "github"
      },
      "original": {
        "owner": "numtide",
        "repo": "flake-utils",
        "type": "github"
      }
    },
    "flake-utils_2": {
      "locked": {
        "lastModified": 1667395993,
        "narHash": "sha256-nuEHfE/LcWyuSWnS8t12N1wc105Qtau+/OdUAjtQ0rA=",
        "owner": "numtide",
        "repo": "flake-utils",
        "rev": "5aed5285a952e0b949eb3ba02c12fa4fcfef535f",
        "type": "github"
      },
      "original": {
        "owner": "numtide",
        "repo": "flake-utils",
        "type": "github"
      }
    },
    "flake-utils_3": {
      "inputs": {
        "systems": "systems"
      },
      "locked": {
        "lastModified": 1681202837,
        "narHash": "sha256-H+Rh19JDwRtpVPAWp64F+rlEtxUWBAQW28eAi3SRSzg=",
        "owner": "numtide",
        "repo": "flake-utils",
        "rev": "cfacdce06f30d2b68473a46042957675eebb3401",
        "type": "github"
      },
      "original": {
        "owner": "numtide",
        "repo": "flake-utils",
        "type": "github"
      }
    },
    "flake-utils_4": {
      "inputs": {
        "systems": "systems_2"
      },
      "locked": {
        "lastModified": 1681202837,
        "narHash": "sha256-H+Rh19JDwRtpVPAWp64F+rlEtxUWBAQW28eAi3SRSzg=",
        "owner": "numtide",
        "repo": "flake-utils",
        "rev": "cfacdce06f30d2b68473a46042957675eebb3401",
        "type": "github"
      },
      "original": {
        "owner": "numtide",
        "repo": "flake-utils",
        "type": "github"
      }
    },
    "flake-utils_5": {
      "locked": {
        "lastModified": 1642700792,
        "narHash": "sha256-XqHrk7hFb+zBvRg6Ghl+AZDq03ov6OshJLiSWOoX5es=",
        "owner": "numtide",
        "repo": "flake-utils",
        "rev": "846b2ae0fc4cc943637d3d1def4454213e203cba",
        "type": "github"
      },
      "original": {
        "owner": "numtide",
        "repo": "flake-utils",
        "type": "github"
      }
    },
    "flake-utils_6": {
      "locked": {
        "lastModified": 1667395993,
        "narHash": "sha256-nuEHfE/LcWyuSWnS8t12N1wc105Qtau+/OdUAjtQ0rA=",
        "owner": "numtide",
        "repo": "flake-utils",
        "rev": "5aed5285a952e0b949eb3ba02c12fa4fcfef535f",
        "type": "github"
      },
      "original": {
        "owner": "numtide",
        "repo": "flake-utils",
        "type": "github"
      }
    },
    "flake-utils_7": {
      "locked": {
        "lastModified": 1676283394,
        "narHash": "sha256-XX2f9c3iySLCw54rJ/CZs+ZK6IQy7GXNY4nSOyu2QG4=",
        "owner": "numtide",
        "repo": "flake-utils",
        "rev": "3db36a8b464d0c4532ba1c7dda728f4576d6d073",
        "type": "github"
      },
      "original": {
        "owner": "numtide",
        "repo": "flake-utils",
        "type": "github"
      }
    },
    "flake-utils_8": {
      "locked": {
        "lastModified": 1676283394,
        "narHash": "sha256-XX2f9c3iySLCw54rJ/CZs+ZK6IQy7GXNY4nSOyu2QG4=",
        "owner": "numtide",
        "repo": "flake-utils",
        "rev": "3db36a8b464d0c4532ba1c7dda728f4576d6d073",
        "type": "github"
      },
      "original": {
        "owner": "numtide",
        "repo": "flake-utils",
        "type": "github"
      }
    },
    "flake-utils_9": {
      "inputs": {
        "systems": "systems_3"
      },
      "locked": {
        "lastModified": 1681202837,
        "narHash": "sha256-H+Rh19JDwRtpVPAWp64F+rlEtxUWBAQW28eAi3SRSzg=",
        "owner": "numtide",
        "repo": "flake-utils",
        "rev": "cfacdce06f30d2b68473a46042957675eebb3401",
        "type": "github"
      },
      "original": {
        "owner": "numtide",
        "repo": "flake-utils",
        "type": "github"
      }
    },
    "gazpacho-src": {
      "flake": false,
      "locked": {
        "lastModified": 1619288290,
        "narHash": "sha256-hM78/+Fz7czZI/iqONH+D/a7/typJOrLcQmhsbdV2O4=",
        "owner": "maxhumber",
        "repo": "gazpacho",
        "rev": "49d8258908729b67e4189a339e1b4c99dd003778",
        "type": "github"
      },
      "original": {
        "owner": "maxhumber",
        "repo": "gazpacho",
        "type": "github"
      }
    },
    "gitignore": {
      "inputs": {
        "nixpkgs": [
          "nickel-src",
          "pre-commit-hooks",
          "nixpkgs"
        ]
      },
      "locked": {
        "lastModified": 1660459072,
        "narHash": "sha256-8DFJjXG8zqoONA1vXtgeKXy68KdJL5UaXR8NtVMUbx8=",
        "owner": "hercules-ci",
        "repo": "gitignore.nix",
        "rev": "a20de23b925fd8264fd7fad6454652e142fd7f73",
        "type": "github"
      },
      "original": {
        "owner": "hercules-ci",
        "repo": "gitignore.nix",
        "type": "github"
      }
    },
    "gitignore_2": {
      "inputs": {
        "nixpkgs": [
          "pre-commit-hooks",
          "nixpkgs"
        ]
      },
      "locked": {
        "lastModified": 1660459072,
        "narHash": "sha256-8DFJjXG8zqoONA1vXtgeKXy68KdJL5UaXR8NtVMUbx8=",
        "owner": "hercules-ci",
        "repo": "gitignore.nix",
        "rev": "a20de23b925fd8264fd7fad6454652e142fd7f73",
        "type": "github"
      },
      "original": {
        "owner": "hercules-ci",
        "repo": "gitignore.nix",
        "type": "github"
      }
    },
    "gotta-scrape-em-all": {
      "inputs": {
        "nixpkgs": [
          "nixpkgs"
        ],
        "utils": "utils_3"
      },
      "locked": {
        "lastModified": 1658867200,
        "narHash": "sha256-l6wXyJ54T2CBAC+foCHsvNidQZ2anSlYeY0Awf8z6/E=",
        "owner": "nialov",
        "repo": "gotta-scrape-em-all",
        "rev": "f220f0edf4aecb4cbcc5b546c06cb0052b85473d",
        "type": "github"
      },
      "original": {
        "owner": "nialov",
        "repo": "gotta-scrape-em-all",
        "type": "github"
      }
    },
    "grokker-src": {
      "flake": false,
      "locked": {
        "lastModified": 1684095201,
        "narHash": "sha256-Z1I9pFygzgEF39p6H34vWMBNcIEyT7wUM66ObtYYDvM=",
        "owner": "stevegt",
        "repo": "grokker",
        "rev": "a5bf805c23212bc40906d5b440d4642b2066f2ee",
        "type": "github"
      },
      "original": {
        "owner": "stevegt",
        "repo": "grokker",
        "type": "github"
      }
    },
    "homer-src": {
      "flake": false,
      "locked": {
        "lastModified": 1683012537,
        "narHash": "sha256-wfw2/3VP7objKNjaLOeqyuDvcn1Ohp/aJpdYzXys9kQ=",
        "owner": "bastienwirtz",
        "repo": "homer",
        "rev": "f0f9f0a017e341bc6bfb41ce82c66cd7c185c787",
        "type": "github"
      },
      "original": {
        "owner": "bastienwirtz",
        "repo": "homer",
        "type": "github"
      }
    },
    "kibitzr-src": {
      "flake": false,
      "locked": {
        "lastModified": 1680095961,
        "narHash": "sha256-lHw3hwuepXWh277tDsybsS7x8ytqNRAHnlI+lVST/cU=",
        "owner": "kibitzr",
        "repo": "kibitzr",
        "rev": "14cd39854014df7a152e1631be7174bad47a5d26",
        "type": "github"
      },
      "original": {
        "owner": "kibitzr",
        "repo": "kibitzr",
        "type": "github"
      }
    },
    "naersk": {
      "inputs": {
        "nixpkgs": [
          "comma-update-flag",
          "nixpkgs"
        ]
      },
      "locked": {
        "lastModified": 1653413650,
        "narHash": "sha256-wojDHjb+eU80MPH+3HQaK0liUy8EgR95rvmCl24i58Y=",
        "owner": "nix-community",
        "repo": "naersk",
        "rev": "69daaceebe12c070cd5ae69ba38f277bbf033695",
        "type": "github"
      },
      "original": {
        "owner": "nix-community",
        "ref": "master",
        "repo": "naersk",
        "type": "github"
      }
    },
    "neoai-nvim-src": {
      "flake": false,
      "locked": {
        "lastModified": 1682418742,
        "narHash": "sha256-XLQp7i5SOzLkVHCbqUMk+ujcA4Uzpew3VjNAXw6WM8I=",
        "owner": "Bryley",
        "repo": "neoai.nvim",
        "rev": "b90180e30d143afb71490b92b08c1e9121d4416a",
        "type": "github"
      },
      "original": {
        "owner": "Bryley",
        "repo": "neoai.nvim",
        "type": "github"
      }
    },
    "nickel-src": {
      "inputs": {
        "crane": "crane",
        "flake-utils": "flake-utils_11",
        "nixpkgs": [
          "nixpkgs"
        ],
        "pre-commit-hooks": "pre-commit-hooks",
        "rust-overlay": "rust-overlay_2",
        "topiary": "topiary"
      },
      "locked": {
        "lastModified": 1683299250,
        "narHash": "sha256-I0eXrHh7WMiHvx+EN+sI2BsFOOykknU47Eg9A3Z6gso=",
        "owner": "tweag",
        "repo": "nickel",
        "rev": "119dc4fd17533f099a605d890655b4399f966ed8",
        "type": "github"
      },
      "original": {
        "owner": "tweag",
        "repo": "nickel",
        "type": "github"
      }
    },
    "nix-filter": {
      "locked": {
        "lastModified": 1678109515,
        "narHash": "sha256-C2X+qC80K2C1TOYZT8nabgo05Dw2HST/pSn6s+n6BO8=",
        "owner": "numtide",
        "repo": "nix-filter",
        "rev": "aa9ff6ce4a7f19af6415fb3721eaa513ea6c763c",
        "type": "github"
      },
      "original": {
        "owner": "numtide",
        "repo": "nix-filter",
        "type": "github"
      }
    },
    "nixpkgs": {
      "locked": {
        "lastModified": 1643381941,
        "narHash": "sha256-pHTwvnN4tTsEKkWlXQ8JMY423epos8wUOhthpwJjtpc=",
        "owner": "NixOS",
        "repo": "nixpkgs",
        "rev": "5efc8ca954272c4376ac929f4c5ffefcc20551d5",
        "type": "github"
      },
      "original": {
        "owner": "NixOS",
        "ref": "nixpkgs-unstable",
        "repo": "nixpkgs",
        "type": "github"
      }
    },
    "nixpkgs-copier": {
      "locked": {
        "lastModified": 1668779866,
        "narHash": "sha256-cOvjvqYJDZHB3mUl7/Yv13g3Y/AfV5ihb3YPq4VSV+8=",
        "owner": "nialov",
        "repo": "nixpkgs",
        "rev": "334c000bbbc51894a3b02e05375eae36ac03e137",
        "type": "github"
      },
      "original": {
        "owner": "nialov",
        "repo": "nixpkgs",
        "rev": "334c000bbbc51894a3b02e05375eae36ac03e137",
        "type": "github"
      }
    },
    "nixpkgs-copier_2": {
      "locked": {
        "lastModified": 1668779866,
        "narHash": "sha256-cOvjvqYJDZHB3mUl7/Yv13g3Y/AfV5ihb3YPq4VSV+8=",
        "owner": "nialov",
        "repo": "nixpkgs",
        "rev": "334c000bbbc51894a3b02e05375eae36ac03e137",
        "type": "github"
      },
      "original": {
        "owner": "nialov",
        "repo": "nixpkgs",
        "rev": "334c000bbbc51894a3b02e05375eae36ac03e137",
        "type": "github"
      }
    },
    "nixpkgs-kibitzr": {
      "locked": {
        "lastModified": 1673800717,
        "narHash": "sha256-SFHraUqLSu5cC6IxTprex/nTsI81ZQAtDvlBvGDWfnA=",
        "owner": "nixos",
        "repo": "nixpkgs",
        "rev": "2f9fd351ec37f5d479556cd48be4ca340da59b8f",
        "type": "github"
      },
      "original": {
        "owner": "nixos",
        "repo": "nixpkgs",
        "rev": "2f9fd351ec37f5d479556cd48be4ca340da59b8f",
        "type": "github"
      }
    },
    "nixpkgs-pre-commit-hook-ensure-sops": {
      "locked": {
        "lastModified": 1677138122,
        "narHash": "sha256-c5nd4qvZNNKonArNxHs8g9YmktFIVuLGokdBPppOvSY=",
        "owner": "nialov",
        "repo": "nixpkgs",
        "rev": "6a3811938f0bb0ac439ffe44ffe6c40f374a96d6",
        "type": "github"
      },
      "original": {
        "owner": "nialov",
        "repo": "nixpkgs",
        "rev": "6a3811938f0bb0ac439ffe44ffe6c40f374a96d6",
        "type": "github"
      }
    },
    "nixpkgs-stable": {
      "locked": {
        "lastModified": 1678872516,
        "narHash": "sha256-/E1YwtMtFAu2KUQKV/1+KFuReYPANM2Rzehk84VxVoc=",
        "owner": "NixOS",
        "repo": "nixpkgs",
        "rev": "9b8e5abb18324c7fe9f07cb100c3cd4a29cda8b8",
        "type": "github"
      },
      "original": {
        "owner": "NixOS",
        "ref": "nixos-22.11",
        "repo": "nixpkgs",
        "type": "github"
      }
    },
    "nixpkgs-stable_2": {
      "locked": {
        "lastModified": 1683627095,
        "narHash": "sha256-8u9SejRpL2TrMuHBdhYh4FKc1OGPDLyWTpIbNTtoHsA=",
        "owner": "NixOS",
        "repo": "nixpkgs",
        "rev": "a08e061a4ee8329747d54ddf1566d34c55c895eb",
        "type": "github"
      },
      "original": {
        "id": "nixpkgs",
        "ref": "nixos-22.11",
        "type": "indirect"
      }
    },
    "nixpkgs-stable_3": {
      "locked": {
        "lastModified": 1678872516,
        "narHash": "sha256-/E1YwtMtFAu2KUQKV/1+KFuReYPANM2Rzehk84VxVoc=",
        "owner": "NixOS",
        "repo": "nixpkgs",
        "rev": "9b8e5abb18324c7fe9f07cb100c3cd4a29cda8b8",
        "type": "github"
      },
      "original": {
        "owner": "NixOS",
        "ref": "nixos-22.11",
        "repo": "nixpkgs",
        "type": "github"
      }
    },
    "nixpkgs_10": {
      "locked": {
        "lastModified": 1681303793,
        "narHash": "sha256-JEdQHsYuCfRL2PICHlOiH/2ue3DwoxUX7DJ6zZxZXFk=",
        "owner": "NixOS",
        "repo": "nixpkgs",
        "rev": "fe2ecaf706a5907b5e54d979fbde4924d84b65fc",
        "type": "github"
      },
      "original": {
        "owner": "NixOS",
        "ref": "nixos-unstable",
        "repo": "nixpkgs",
        "type": "github"
      }
    },
    "nixpkgs_2": {
      "locked": {
        "lastModified": 1681303793,
        "narHash": "sha256-JEdQHsYuCfRL2PICHlOiH/2ue3DwoxUX7DJ6zZxZXFk=",
        "owner": "NixOS",
        "repo": "nixpkgs",
        "rev": "fe2ecaf706a5907b5e54d979fbde4924d84b65fc",
        "type": "github"
      },
      "original": {
        "id": "nixpkgs",
        "ref": "nixos-unstable",
        "type": "indirect"
      }
    },
    "nixpkgs_3": {
      "locked": {
        "lastModified": 1681467702,
        "narHash": "sha256-lnZll1rJM6R6xIMkyt2JK0DF13BGBdSNg4pKtVdFlKI=",
        "owner": "NixOS",
        "repo": "nixpkgs",
        "rev": "bc8ebd6a1249ea537fc229ff0108e8e3101f6f38",
        "type": "github"
      },
      "original": {
        "owner": "NixOS",
        "repo": "nixpkgs",
        "type": "github"
      }
    },
    "nixpkgs_4": {
      "locked": {
        "lastModified": 1671417167,
        "narHash": "sha256-JkHam6WQOwZN1t2C2sbp1TqMv3TVRjzrdoejqfefwrM=",
        "owner": "NixOS",
        "repo": "nixpkgs",
        "rev": "bb31220cca6d044baa6dc2715b07497a2a7c4bc7",
        "type": "github"
      },
      "original": {
        "owner": "NixOS",
        "ref": "nixpkgs-unstable",
        "repo": "nixpkgs",
        "type": "github"
      }
    },
    "nixpkgs_5": {
      "locked": {
        "lastModified": 1643381941,
        "narHash": "sha256-pHTwvnN4tTsEKkWlXQ8JMY423epos8wUOhthpwJjtpc=",
        "owner": "NixOS",
        "repo": "nixpkgs",
        "rev": "5efc8ca954272c4376ac929f4c5ffefcc20551d5",
        "type": "github"
      },
      "original": {
        "owner": "NixOS",
        "ref": "nixpkgs-unstable",
        "repo": "nixpkgs",
        "type": "github"
      }
    },
    "nixpkgs_6": {
      "locked": {
        "lastModified": 1677676435,
        "narHash": "sha256-6FxdcmQr5JeZqsQvfinIMr0XcTyTuR7EXX0H3ANShpQ=",
        "owner": "NixOS",
        "repo": "nixpkgs",
        "rev": "a08d6979dd7c82c4cef0dcc6ac45ab16051c1169",
        "type": "github"
      },
      "original": {
        "id": "nixpkgs",
        "ref": "nixos-unstable",
        "type": "indirect"
      }
    },
    "nixpkgs_7": {
      "locked": {
        "lastModified": 1677837732,
        "narHash": "sha256-2sx+7soLVmMGndjD7qUuz+g4xtZZgZbjNXmEXzYlOJ4=",
        "owner": "NixOS",
        "repo": "nixpkgs",
        "rev": "ea0dc57bb6d17b2e83929d5d8378281174a9a2a7",
        "type": "github"
      },
      "original": {
        "owner": "NixOS",
        "repo": "nixpkgs",
        "type": "github"
      }
    },
    "nixpkgs_8": {
      "locked": {
        "lastModified": 1665296151,
        "narHash": "sha256-uOB0oxqxN9K7XGF1hcnY+PQnlQJ+3bP2vCn/+Ru/bbc=",
        "owner": "NixOS",
        "repo": "nixpkgs",
        "rev": "14ccaaedd95a488dd7ae142757884d8e125b3363",
        "type": "github"
      },
      "original": {
        "owner": "NixOS",
        "ref": "nixpkgs-unstable",
        "repo": "nixpkgs",
        "type": "github"
      }
    },
    "nixpkgs_9": {
      "locked": {
        "lastModified": 1683408522,
        "narHash": "sha256-9kcPh6Uxo17a3kK3XCHhcWiV1Yu1kYj22RHiymUhMkU=",
        "owner": "NixOS",
        "repo": "nixpkgs",
        "rev": "897876e4c484f1e8f92009fd11b7d988a121a4e7",
        "type": "github"
      },
      "original": {
        "id": "nixpkgs",
        "ref": "nixos-unstable",
        "type": "indirect"
      }
    },
    "oil-nvim-src": {
      "flake": false,
      "locked": {
        "lastModified": 1683475724,
        "narHash": "sha256-MOeV2jCOM6nrR+wyFTbdNDFkKdXY5FZ3dHNQ6M8bOcI=",
        "owner": "stevearc",
        "repo": "oil.nvim",
        "rev": "d0efcc0c10cde11fd650a4ca399539e6f8f9f956",
        "type": "github"
      },
      "original": {
        "owner": "stevearc",
        "repo": "oil.nvim",
        "type": "github"
      }
    },
    "poetry2nix-copier": {
      "inputs": {
        "flake-utils": "flake-utils_4",
        "nixpkgs": "nixpkgs_3"
      },
      "locked": {
        "lastModified": 1668779754,
        "narHash": "sha256-SacK/u2VgLbeYHX+JqoXMdXU9DvTaQbkmjwFQJ/UWo0=",
        "owner": "nialov",
        "repo": "poetry2nix",
        "rev": "6711fdb5da87574d250218c20bcd808949db6da0",
        "type": "github"
      },
      "original": {
        "owner": "nialov",
        "repo": "poetry2nix",
        "rev": "6711fdb5da87574d250218c20bcd808949db6da0",
        "type": "github"
      }
    },
    "poetry2nix-copier_2": {
      "inputs": {
        "flake-utils": "flake-utils_8",
        "nixpkgs": "nixpkgs_7"
      },
      "locked": {
        "lastModified": 1668779754,
        "narHash": "sha256-SacK/u2VgLbeYHX+JqoXMdXU9DvTaQbkmjwFQJ/UWo0=",
        "owner": "nialov",
        "repo": "poetry2nix",
        "rev": "6711fdb5da87574d250218c20bcd808949db6da0",
        "type": "github"
      },
      "original": {
        "owner": "nialov",
        "repo": "poetry2nix",
        "rev": "6711fdb5da87574d250218c20bcd808949db6da0",
        "type": "github"
      }
    },
    "pre-commit-hooks": {
      "inputs": {
        "flake-compat": "flake-compat_6",
        "flake-utils": [
          "nickel-src",
          "flake-utils"
        ],
        "gitignore": "gitignore",
        "nixpkgs": [
          "nickel-src",
          "nixpkgs"
        ],
        "nixpkgs-stable": "nixpkgs-stable"
      },
      "locked": {
        "lastModified": 1678976941,
        "narHash": "sha256-skNr08frCwN9NO+7I77MjOHHAw+L410/37JknNld+W4=",
        "owner": "cachix",
        "repo": "pre-commit-hooks.nix",
        "rev": "32b1dbedfd77892a6e375737ef04d8efba634e9e",
        "type": "github"
      },
      "original": {
        "owner": "cachix",
        "repo": "pre-commit-hooks.nix",
        "type": "github"
      }
    },
    "pre-commit-hooks_2": {
      "inputs": {
        "flake-compat": "flake-compat_8",
        "flake-utils": "flake-utils_15",
        "gitignore": "gitignore_2",
        "nixpkgs": "nixpkgs_10",
        "nixpkgs-stable": "nixpkgs-stable_3"
      },
      "locked": {
        "lastModified": 1682596858,
        "narHash": "sha256-Hf9XVpqaGqe/4oDGr30W8HlsWvJXtMsEPHDqHZA6dDg=",
        "owner": "cachix",
        "repo": "pre-commit-hooks.nix",
        "rev": "fb58866e20af98779017134319b5663b8215d912",
        "type": "github"
      },
      "original": {
        "owner": "cachix",
        "repo": "pre-commit-hooks.nix",
        "type": "github"
      }
    },
    "root": {
      "inputs": {
        "allas-cli-utils-src": "allas-cli-utils-src",
        "chatgpt-nvim-src": "chatgpt-nvim-src",
        "cmp-ai-src": "cmp-ai-src",
        "cmp-tmux": "cmp-tmux",
        "comma-update-flag": "comma-update-flag",
        "copier-src": "copier-src",
        "deploy-rs-input": "deploy-rs-input",
        "doit-ext-src": "doit-ext-src",
        "flake-utils": "flake-utils_9",
        "gazpacho-src": "gazpacho-src",
        "gotta-scrape-em-all": "gotta-scrape-em-all",
        "grokker-src": "grokker-src",
        "homer-src": "homer-src",
        "kibitzr-src": "kibitzr-src",
        "neoai-nvim-src": "neoai-nvim-src",
        "nickel-src": "nickel-src",
        "nixpkgs": "nixpkgs_9",
        "nixpkgs-kibitzr": "nixpkgs-kibitzr",
        "nixpkgs-pre-commit-hook-ensure-sops": "nixpkgs-pre-commit-hook-ensure-sops",
        "nixpkgs-stable": "nixpkgs-stable_2",
        "oil-nvim-src": "oil-nvim-src",
        "pre-commit-hooks": "pre-commit-hooks_2",
        "sphinxcontrib-mermaid-src": "sphinxcontrib-mermaid-src",
        "synonym-cli-src": "synonym-cli-src",
        "taskfzf-src": "taskfzf-src",
        "tasklite-src": "tasklite-src",
        "tmux-nvim-src": "tmux-nvim-src",
        "tmux-open-src": "tmux-open-src",
        "vim-nickel-src": "vim-nickel-src",
        "ytdl-sub-src": "ytdl-sub-src"
      }
    },
    "rust-overlay": {
      "inputs": {
        "flake-utils": [
          "nickel-src",
          "crane",
          "flake-utils"
        ],
        "nixpkgs": [
          "nickel-src",
          "crane",
          "nixpkgs"
        ]
      },
      "locked": {
        "lastModified": 1677812689,
        "narHash": "sha256-EakqhgRnjVeYJv5+BJx/NZ7/eFTMBxc4AhICUNquhUg=",
        "owner": "oxalica",
        "repo": "rust-overlay",
        "rev": "e53e8853aa7b0688bc270e9e6a681d22e01cf299",
        "type": "github"
      },
      "original": {
        "owner": "oxalica",
        "repo": "rust-overlay",
        "type": "github"
      }
    },
    "rust-overlay_2": {
      "inputs": {
        "flake-utils": [
          "nickel-src",
          "flake-utils"
        ],
        "nixpkgs": [
          "nickel-src",
          "nixpkgs"
        ]
      },
      "locked": {
        "lastModified": 1679106165,
        "narHash": "sha256-03Opt2yu4E/AIFjvlgib0/nhMn6B4B/t/nvwS2bzOGw=",
        "owner": "oxalica",
        "repo": "rust-overlay",
        "rev": "7313c06ac334d6262ddfe30a38b3abc3da6bd565",
        "type": "github"
      },
      "original": {
        "owner": "oxalica",
        "repo": "rust-overlay",
        "type": "github"
      }
    },
    "rust-overlay_3": {
      "inputs": {
        "flake-utils": [
          "nickel-src",
          "topiary",
          "crane",
          "flake-utils"
        ],
        "nixpkgs": [
          "nickel-src",
          "topiary",
          "crane",
          "nixpkgs"
        ]
      },
      "locked": {
        "lastModified": 1677812689,
        "narHash": "sha256-EakqhgRnjVeYJv5+BJx/NZ7/eFTMBxc4AhICUNquhUg=",
        "owner": "oxalica",
        "repo": "rust-overlay",
        "rev": "e53e8853aa7b0688bc270e9e6a681d22e01cf299",
        "type": "github"
      },
      "original": {
        "owner": "oxalica",
        "repo": "rust-overlay",
        "type": "github"
      }
    },
    "rust-overlay_4": {
      "inputs": {
        "flake-utils": "flake-utils_14",
        "nixpkgs": "nixpkgs_8"
      },
      "locked": {
        "lastModified": 1679106165,
        "narHash": "sha256-03Opt2yu4E/AIFjvlgib0/nhMn6B4B/t/nvwS2bzOGw=",
        "owner": "oxalica",
        "repo": "rust-overlay",
        "rev": "7313c06ac334d6262ddfe30a38b3abc3da6bd565",
        "type": "github"
      },
      "original": {
        "owner": "oxalica",
        "repo": "rust-overlay",
        "type": "github"
      }
    },
    "sphinxcontrib-mermaid-src": {
      "flake": false,
      "locked": {
        "lastModified": 1680006955,
        "narHash": "sha256-8dWDjeP2/M8k2g3NvUoKIkUlKusV2cLt/O5co/v0YSQ=",
        "owner": "mgaitan",
        "repo": "sphinxcontrib-mermaid",
        "rev": "050452e9a593442c8b0ddd5db746e0412db2845a",
        "type": "github"
      },
      "original": {
        "owner": "mgaitan",
        "repo": "sphinxcontrib-mermaid",
        "type": "github"
      }
    },
    "synonym-cli-src": {
      "flake": false,
      "locked": {
        "lastModified": 1676060812,
        "narHash": "sha256-Wy1UkrCrQwrtiqmbldYtyKKbDWCBj7wqbWO766pkdaM=",
        "owner": "agmmnn",
        "repo": "synonym-cli",
        "rev": "88eb52b8e7c098fb9065cdadb9cddda48066ed5a",
        "type": "github"
      },
      "original": {
        "owner": "agmmnn",
        "repo": "synonym-cli",
        "type": "github"
      }
    },
    "systems": {
      "locked": {
        "lastModified": 1681028828,
        "narHash": "sha256-Vy1rq5AaRuLzOxct8nz4T6wlgyUR7zLU309k9mBC768=",
        "owner": "nix-systems",
        "repo": "default",
        "rev": "da67096a3b9bf56a91d16901293e51ba5b49a27e",
        "type": "github"
      },
      "original": {
        "owner": "nix-systems",
        "repo": "default",
        "type": "github"
      }
    },
    "systems_2": {
      "locked": {
        "lastModified": 1681028828,
        "narHash": "sha256-Vy1rq5AaRuLzOxct8nz4T6wlgyUR7zLU309k9mBC768=",
        "owner": "nix-systems",
        "repo": "default",
        "rev": "da67096a3b9bf56a91d16901293e51ba5b49a27e",
        "type": "github"
      },
      "original": {
        "owner": "nix-systems",
        "repo": "default",
        "type": "github"
      }
    },
    "systems_3": {
      "locked": {
        "lastModified": 1681028828,
        "narHash": "sha256-Vy1rq5AaRuLzOxct8nz4T6wlgyUR7zLU309k9mBC768=",
        "owner": "nix-systems",
        "repo": "default",
        "rev": "da67096a3b9bf56a91d16901293e51ba5b49a27e",
        "type": "github"
      },
      "original": {
        "owner": "nix-systems",
        "repo": "default",
        "type": "github"
      }
    },
    "taskfzf-src": {
      "flake": false,
      "locked": {
        "lastModified": 1601021801,
        "narHash": "sha256-kWCIZyK9k0vWaHCTOcmki+ZoLecD/J0P4LpaiQoB+9g=",
        "owner": "doronbehar",
        "repo": "taskwarrior-fzf",
        "rev": "fde0794ac5785801004a5bf7bd4120c8138bf519",
        "type": "gitlab"
      },
      "original": {
        "owner": "doronbehar",
        "repo": "taskwarrior-fzf",
        "type": "gitlab"
      }
    },
    "tasklite-src": {
      "flake": false,
      "locked": {
        "lastModified": 1673022577,
        "narHash": "sha256-pqg8I9JbEboJX28jViZ9Rlb/dx/7zoPm/aOQxFaLXic=",
        "owner": "ad-si",
        "repo": "tasklite",
        "rev": "e36e1cb7998ff35185d86b7b3c988cb062622db5",
        "type": "github"
      },
      "original": {
        "owner": "ad-si",
        "repo": "tasklite",
        "type": "github"
      }
    },
    "tmux-nvim-src": {
      "flake": false,
      "locked": {
        "lastModified": 1683260948,
        "narHash": "sha256-zpg7XJky7PRa5sC7sPRsU2ZOjj0wcepITLAelPjEkSI=",
        "owner": "aserowy",
        "repo": "tmux.nvim",
        "rev": "57220071739c723c3a318e9d529d3e5045f503b8",
        "type": "github"
      },
      "original": {
        "owner": "aserowy",
        "repo": "tmux.nvim",
        "type": "github"
      }
    },
    "tmux-open-src": {
      "flake": false,
      "locked": {
        "lastModified": 1661160644,
        "narHash": "sha256-Thii7D21MKodtjn/MzMjOGbJX8BwnS+fQqAtYv8CjPc=",
        "owner": "tmux-plugins",
        "repo": "tmux-open",
        "rev": "763d0a852e6703ce0f5090a508330012a7e6788e",
        "type": "github"
      },
      "original": {
        "owner": "tmux-plugins",
        "repo": "tmux-open",
        "type": "github"
      }
    },
    "topiary": {
      "inputs": {
        "advisory-db": "advisory-db",
        "crane": "crane_2",
        "flake-utils": "flake-utils_13",
        "nix-filter": "nix-filter",
        "nixpkgs": [
          "nickel-src",
          "nixpkgs"
        ],
        "rust-overlay": "rust-overlay_4"
      },
      "locked": {
        "lastModified": 1682503900,
        "narHash": "sha256-3Kb9D8S0lkGcPAcpJJGInVyFN79K6gn6TN0ZHWFA19s=",
        "owner": "tweag",
        "repo": "topiary",
        "rev": "773159aa4c819b46c6d51ca9275e7366087eb3a0",
        "type": "github"
      },
      "original": {
        "owner": "tweag",
        "repo": "topiary",
        "type": "github"
      }
    },
    "utils": {
      "locked": {
        "lastModified": 1653893745,
        "narHash": "sha256-0jntwV3Z8//YwuOjzhV2sgJJPt+HY6KhU7VZUL0fKZQ=",
        "owner": "numtide",
        "repo": "flake-utils",
        "rev": "1ed9fb1935d260de5fe1c2f7ee0ebaae17ed2fa1",
        "type": "github"
      },
      "original": {
        "owner": "numtide",
        "repo": "flake-utils",
        "type": "github"
      }
    },
    "utils_2": {
      "locked": {
        "lastModified": 1667395993,
        "narHash": "sha256-nuEHfE/LcWyuSWnS8t12N1wc105Qtau+/OdUAjtQ0rA=",
        "owner": "numtide",
        "repo": "flake-utils",
        "rev": "5aed5285a952e0b949eb3ba02c12fa4fcfef535f",
        "type": "github"
      },
      "original": {
        "owner": "numtide",
        "repo": "flake-utils",
        "type": "github"
      }
    },
    "utils_3": {
      "locked": {
        "lastModified": 1656928814,
        "narHash": "sha256-RIFfgBuKz6Hp89yRr7+NR5tzIAbn52h8vT6vXkYjZoM=",
        "owner": "numtide",
        "repo": "flake-utils",
        "rev": "7e2a3b3dfd9af950a856d66b0a7d01e3c18aa249",
        "type": "github"
      },
      "original": {
        "owner": "numtide",
        "repo": "flake-utils",
        "type": "github"
      }
    },
    "vim-nickel-src": {
      "flake": false,
      "locked": {
        "lastModified": 1682601115,
        "narHash": "sha256-GkCu4ENivg4Dp3XrT77xEuE1gbfg6lzD6p94hKkeX+o=",
        "owner": "nickel-lang",
        "repo": "vim-nickel",
        "rev": "b9c3d1fcc26f1d44cbe8c0b6c64beeac0b8c7760",
        "type": "github"
      },
      "original": {
        "owner": "nickel-lang",
        "repo": "vim-nickel",
        "type": "github"
      }
    },
    "ytdl-sub-src": {
      "flake": false,
      "locked": {
        "lastModified": 1682735780,
        "narHash": "sha256-Yi8lBf8nHIB1Vyoq8WY00LcHicNbGUq0WrkRgf6EGvU=",
        "owner": "jmbannon",
        "repo": "ytdl-sub",
        "rev": "a2f1a2ba949263f43d455bbfcb89f3dc140b87f3",
        "type": "github"
      },
      "original": {
        "owner": "jmbannon",
        "repo": "ytdl-sub",
        "type": "github"
      }
    }
  },
  "root": "root",
  "version": 7
}
